
Microsoft Visual Studio Solution File, Format Version 12.00
# Visual Studio Version 16
VisualStudioVersion = 16.0.31205.134
MinimumVisualStudioVersion = 10.0.40219.1
Project("{FAE04EC0-301F-11D3-BF4B-00C04F79EFBC}") = "UniversityMVCProject", "UniversityMVCProject\UniversityMVCProject.csproj", "{322650B5-CBA0-4D25-808F-66A3C30E6004}"
EndProject
Global
	GlobalSection(SolutionConfigurationPlatforms) = preSolution
		Debug|Any CPU = Debug|Any CPU
		Release|Any CPU = Release|Any CPU
	EndGlobalSection
	GlobalSection(ProjectConfigurationPlatforms) = postSolution
		{322650B5-CBA0-4D25-808F-66A3C30E6004}.Debug|Any CPU.ActiveCfg = Debug|Any CPU
		{322650B5-CBA0-4D25-808F-66A3C30E6004}.Debug|Any CPU.Build.0 = Debug|Any CPU
		{322650B5-CBA0-4D25-808F-66A3C30E6004}.Release|Any CPU.ActiveCfg = Release|Any CPU
		{322650B5-CBA0-4D25-808F-66A3C30E6004}.Release|Any CPU.Build.0 = Release|Any CPU
	EndGlobalSection
	GlobalSection(SolutionProperties) = preSolution
		HideSolutionNode = FALSE
	EndGlobalSection
	GlobalSection(ExtensibilityGlobals) = postSolution
		SolutionGuid = {7FFBB98F-331B-4773-A783-E3FE69EB130E}
	EndGlobalSection
EndGlobal
